// !$*UTF8*$!
{
	archiveVersion = 1;
	classes = {
	};
	objectVersion = 56;
	objects = {

/* Begin PBXBuildFile section */
		853B4DC82A97C0DA00198532 /* UIFont + AppFonts.swift in Sources */ = {isa = PBXBuildFile; fileRef = 853B4DC72A97C0DA00198532 /* UIFont + AppFonts.swift */; };
		853B4DCC2A9CF73600198532 /* AvatarView.swift in Sources */ = {isa = PBXBuildFile; fileRef = 853B4DCB2A9CF73600198532 /* AvatarView.swift */; };
		853B4DCE2B20A2F000198532 /* UserData.swift in Sources */ = {isa = PBXBuildFile; fileRef = 853B4DCD2B20A2F000198532 /* UserData.swift */; };
		853B4DD02B20BF6A00198532 /* NetworkService.swift in Sources */ = {isa = PBXBuildFile; fileRef = 853B4DCF2B20BF6A00198532 /* NetworkService.swift */; };
		853B4DD22B20D55500198532 /* StartViewController.swift in Sources */ = {isa = PBXBuildFile; fileRef = 853B4DD12B20D55500198532 /* StartViewController.swift */; };
		853B4DD42B6A8C7700198532 /* TokenData.swift in Sources */ = {isa = PBXBuildFile; fileRef = 853B4DD32B6A8C7700198532 /* TokenData.swift */; };
		853B4DD72B6A919000198532 /* KeychainAccess in Frameworks */ = {isa = PBXBuildFile; productRef = 853B4DD62B6A919000198532 /* KeychainAccess */; };
		853B4DD92B6A9F1900198532 /* Gradient.swift in Sources */ = {isa = PBXBuildFile; fileRef = 853B4DD82B6A9F1900198532 /* Gradient.swift */; };
		853B4DDB2B6BEE3B00198532 /* MenuViewController.swift in Sources */ = {isa = PBXBuildFile; fileRef = 853B4DDA2B6BEE3B00198532 /* MenuViewController.swift */; };
		853B4DDD2B6E962500198532 /* UserProfileViewController.swift in Sources */ = {isa = PBXBuildFile; fileRef = 853B4DDC2B6E962500198532 /* UserProfileViewController.swift */; };
		853B4DDF2B6EB57D00198532 /* EditUserInfoViewController.swift in Sources */ = {isa = PBXBuildFile; fileRef = 853B4DDE2B6EB57D00198532 /* EditUserInfoViewController.swift */; };
		853B4E072B719C1B00198532 /* CallViewController.swift in Sources */ = {isa = PBXBuildFile; fileRef = 853B4E062B719C1A00198532 /* CallViewController.swift */; };
		853B4E092B726B0100198532 /* MainFactory.swift in Sources */ = {isa = PBXBuildFile; fileRef = 853B4E082B726B0100198532 /* MainFactory.swift */; };
		853B4E142B728CC800198532 /* SwiftyGif in Frameworks */ = {isa = PBXBuildFile; productRef = 853B4E132B728CC800198532 /* SwiftyGif */; };
		853B4E1A2B775D9C00198532 /* AvatarImage.swift in Sources */ = {isa = PBXBuildFile; fileRef = 853B4E192B775D9C00198532 /* AvatarImage.swift */; };
		853B4E1C2B7761B600198532 /* AvatarData.swift in Sources */ = {isa = PBXBuildFile; fileRef = 853B4E1B2B7761B600198532 /* AvatarData.swift */; };
		853B4E2A2B79949000198532 /* EnterRoomViewController.swift in Sources */ = {isa = PBXBuildFile; fileRef = 853B4E292B79949000198532 /* EnterRoomViewController.swift */; };
		853B4E2E2B7BC44D00198532 /* MessageService.swift in Sources */ = {isa = PBXBuildFile; fileRef = 853B4E2D2B7BC44D00198532 /* MessageService.swift */; };
		853B4E302B7BCB7600198532 /* Message.swift in Sources */ = {isa = PBXBuildFile; fileRef = 853B4E2F2B7BCB7600198532 /* Message.swift */; };
		853B4E382B7D1C2400198532 /* UserInfo.swift in Sources */ = {isa = PBXBuildFile; fileRef = 853B4E372B7D1C2400198532 /* UserInfo.swift */; };
		853B4E472B85967A00198532 /* MyErrors.swift in Sources */ = {isa = PBXBuildFile; fileRef = 853B4E462B85967A00198532 /* MyErrors.swift */; };
		853B4E492B8C013C00198532 /* PasswordData.swift in Sources */ = {isa = PBXBuildFile; fileRef = 853B4E482B8C013B00198532 /* PasswordData.swift */; };
		853B4E4B2B8C942600198532 /* GesturesViewController.swift in Sources */ = {isa = PBXBuildFile; fileRef = 853B4E4A2B8C942600198532 /* GesturesViewController.swift */; };
		856B0C052BA471640027F04E /* zoom_fast.gif in Resources */ = {isa = PBXBuildFile; fileRef = 856B0C042BA471640027F04E /* zoom_fast.gif */; };
		856B0C082BA9E50E0027F04E /* touch.gif in Resources */ = {isa = PBXBuildFile; fileRef = 856B0C062BA9E50D0027F04E /* touch.gif */; };
		856B0C092BA9E50E0027F04E /* longPress.gif in Resources */ = {isa = PBXBuildFile; fileRef = 856B0C072BA9E50E0027F04E /* longPress.gif */; };
		859287D92B961C780067F1D2 /* NewUsername.swift in Sources */ = {isa = PBXBuildFile; fileRef = 859287D82B961C780067F1D2 /* NewUsername.swift */; };
		859287E12B9A1B6A0067F1D2 /* NVActivityIndicatorView in Frameworks */ = {isa = PBXBuildFile; productRef = 859287E02B9A1B6A0067F1D2 /* NVActivityIndicatorView */; };
		85B009722BAB3CB500E3D6EB /* UIViewController + dismissKeyboard.swift in Sources */ = {isa = PBXBuildFile; fileRef = 85B009712BAB3CB400E3D6EB /* UIViewController + dismissKeyboard.swift */; };
		85B009742BB1EC9B00E3D6EB /* zoom7.gif in Resources */ = {isa = PBXBuildFile; fileRef = 85B009732BB1EC9B00E3D6EB /* zoom7.gif */; };
		85B009782BB1F95800E3D6EB /* touch.mp3 in Resources */ = {isa = PBXBuildFile; fileRef = 85B009772BB1F95800E3D6EB /* touch.mp3 */; };
		85B0097A2BB1F95C00E3D6EB /* long.mp3 in Resources */ = {isa = PBXBuildFile; fileRef = 85B009792BB1F95C00E3D6EB /* long.mp3 */; };
		85B0097C2BB1FE9500E3D6EB /* zoom.mp3 in Resources */ = {isa = PBXBuildFile; fileRef = 85B0097B2BB1FE9500E3D6EB /* zoom.mp3 */; };
		85E9FA232A93C163000BD5B8 /* AppDelegate.swift in Sources */ = {isa = PBXBuildFile; fileRef = 85E9FA222A93C163000BD5B8 /* AppDelegate.swift */; };
		85E9FA252A93C163000BD5B8 /* SceneDelegate.swift in Sources */ = {isa = PBXBuildFile; fileRef = 85E9FA242A93C163000BD5B8 /* SceneDelegate.swift */; };
		85E9FA272A93C163000BD5B8 /* AuthorizationViewController.swift in Sources */ = {isa = PBXBuildFile; fileRef = 85E9FA262A93C163000BD5B8 /* AuthorizationViewController.swift */; };
		85E9FA2C2A93C164000BD5B8 /* Assets.xcassets in Resources */ = {isa = PBXBuildFile; fileRef = 85E9FA2B2A93C164000BD5B8 /* Assets.xcassets */; };
		85E9FA2F2A93C164000BD5B8 /* LaunchScreen.storyboard in Resources */ = {isa = PBXBuildFile; fileRef = 85E9FA2D2A93C164000BD5B8 /* LaunchScreen.storyboard */; };
		85E9FA372A9500F3000BD5B8 /* ChooseShapeViewController.swift in Sources */ = {isa = PBXBuildFile; fileRef = 85E9FA362A9500F3000BD5B8 /* ChooseShapeViewController.swift */; };
		85E9FA392A9502FF000BD5B8 /* UIColor + AppColors.swift in Sources */ = {isa = PBXBuildFile; fileRef = 85E9FA382A9502FF000BD5B8 /* UIColor + AppColors.swift */; };
		85E9FA422A97B9EC000BD5B8 /* MartianMono_Condensed-Regular.ttf in Resources */ = {isa = PBXBuildFile; fileRef = 85E9FA412A97B9EC000BD5B8 /* MartianMono_Condensed-Regular.ttf */; };
/* End PBXBuildFile section */

/* Begin PBXFileReference section */
		853B4DC72A97C0DA00198532 /* UIFont + AppFonts.swift */ = {isa = PBXFileReference; lastKnownFileType = sourcecode.swift; path = "UIFont + AppFonts.swift"; sourceTree = "<group>"; };
		853B4DCB2A9CF73600198532 /* AvatarView.swift */ = {isa = PBXFileReference; lastKnownFileType = sourcecode.swift; path = AvatarView.swift; sourceTree = "<group>"; };
		853B4DCD2B20A2F000198532 /* UserData.swift */ = {isa = PBXFileReference; lastKnownFileType = sourcecode.swift; path = UserData.swift; sourceTree = "<group>"; };
		853B4DCF2B20BF6A00198532 /* NetworkService.swift */ = {isa = PBXFileReference; lastKnownFileType = sourcecode.swift; path = NetworkService.swift; sourceTree = "<group>"; };
		853B4DD12B20D55500198532 /* StartViewController.swift */ = {isa = PBXFileReference; lastKnownFileType = sourcecode.swift; path = StartViewController.swift; sourceTree = "<group>"; };
		853B4DD32B6A8C7700198532 /* TokenData.swift */ = {isa = PBXFileReference; lastKnownFileType = sourcecode.swift; path = TokenData.swift; sourceTree = "<group>"; };
		853B4DD82B6A9F1900198532 /* Gradient.swift */ = {isa = PBXFileReference; lastKnownFileType = sourcecode.swift; path = Gradient.swift; sourceTree = "<group>"; };
		853B4DDA2B6BEE3B00198532 /* MenuViewController.swift */ = {isa = PBXFileReference; lastKnownFileType = sourcecode.swift; path = MenuViewController.swift; sourceTree = "<group>"; };
		853B4DDC2B6E962500198532 /* UserProfileViewController.swift */ = {isa = PBXFileReference; lastKnownFileType = sourcecode.swift; path = UserProfileViewController.swift; sourceTree = "<group>"; };
		853B4DDE2B6EB57D00198532 /* EditUserInfoViewController.swift */ = {isa = PBXFileReference; lastKnownFileType = sourcecode.swift; path = EditUserInfoViewController.swift; sourceTree = "<group>"; };
		853B4E062B719C1A00198532 /* CallViewController.swift */ = {isa = PBXFileReference; lastKnownFileType = sourcecode.swift; path = CallViewController.swift; sourceTree = "<group>"; };
		853B4E082B726B0100198532 /* MainFactory.swift */ = {isa = PBXFileReference; lastKnownFileType = sourcecode.swift; path = MainFactory.swift; sourceTree = "<group>"; };
		853B4E192B775D9C00198532 /* AvatarImage.swift */ = {isa = PBXFileReference; lastKnownFileType = sourcecode.swift; path = AvatarImage.swift; sourceTree = "<group>"; };
		853B4E1B2B7761B600198532 /* AvatarData.swift */ = {isa = PBXFileReference; lastKnownFileType = sourcecode.swift; path = AvatarData.swift; sourceTree = "<group>"; };
		853B4E292B79949000198532 /* EnterRoomViewController.swift */ = {isa = PBXFileReference; lastKnownFileType = sourcecode.swift; path = EnterRoomViewController.swift; sourceTree = "<group>"; };
		853B4E2D2B7BC44D00198532 /* MessageService.swift */ = {isa = PBXFileReference; lastKnownFileType = sourcecode.swift; path = MessageService.swift; sourceTree = "<group>"; };
		853B4E2F2B7BCB7600198532 /* Message.swift */ = {isa = PBXFileReference; lastKnownFileType = sourcecode.swift; path = Message.swift; sourceTree = "<group>"; };
		853B4E372B7D1C2400198532 /* UserInfo.swift */ = {isa = PBXFileReference; lastKnownFileType = sourcecode.swift; path = UserInfo.swift; sourceTree = "<group>"; };
		853B4E462B85967A00198532 /* MyErrors.swift */ = {isa = PBXFileReference; lastKnownFileType = sourcecode.swift; path = MyErrors.swift; sourceTree = "<group>"; };
		853B4E482B8C013B00198532 /* PasswordData.swift */ = {isa = PBXFileReference; lastKnownFileType = sourcecode.swift; path = PasswordData.swift; sourceTree = "<group>"; };
		853B4E4A2B8C942600198532 /* GesturesViewController.swift */ = {isa = PBXFileReference; lastKnownFileType = sourcecode.swift; path = GesturesViewController.swift; sourceTree = "<group>"; };
		856B0C042BA471640027F04E /* zoom_fast.gif */ = {isa = PBXFileReference; lastKnownFileType = image.gif; path = zoom_fast.gif; sourceTree = "<group>"; };
		856B0C062BA9E50D0027F04E /* touch.gif */ = {isa = PBXFileReference; lastKnownFileType = image.gif; path = touch.gif; sourceTree = "<group>"; };
		856B0C072BA9E50E0027F04E /* longPress.gif */ = {isa = PBXFileReference; lastKnownFileType = image.gif; path = longPress.gif; sourceTree = "<group>"; };
		859287D82B961C780067F1D2 /* NewUsername.swift */ = {isa = PBXFileReference; lastKnownFileType = sourcecode.swift; path = NewUsername.swift; sourceTree = "<group>"; };
		85B009712BAB3CB400E3D6EB /* UIViewController + dismissKeyboard.swift */ = {isa = PBXFileReference; lastKnownFileType = sourcecode.swift; path = "UIViewController + dismissKeyboard.swift"; sourceTree = "<group>"; };
		85B009732BB1EC9B00E3D6EB /* zoom7.gif */ = {isa = PBXFileReference; lastKnownFileType = image.gif; path = zoom7.gif; sourceTree = "<group>"; };
		85B009772BB1F95800E3D6EB /* touch.mp3 */ = {isa = PBXFileReference; lastKnownFileType = audio.mp3; path = touch.mp3; sourceTree = "<group>"; };
		85B009792BB1F95C00E3D6EB /* long.mp3 */ = {isa = PBXFileReference; lastKnownFileType = audio.mp3; path = long.mp3; sourceTree = "<group>"; };
		85B0097B2BB1FE9500E3D6EB /* zoom.mp3 */ = {isa = PBXFileReference; lastKnownFileType = audio.mp3; path = zoom.mp3; sourceTree = "<group>"; };
		85E9FA1F2A93C163000BD5B8 /* Mime.app */ = {isa = PBXFileReference; explicitFileType = wrapper.application; includeInIndex = 0; path = Mime.app; sourceTree = BUILT_PRODUCTS_DIR; };
		85E9FA222A93C163000BD5B8 /* AppDelegate.swift */ = {isa = PBXFileReference; lastKnownFileType = sourcecode.swift; path = AppDelegate.swift; sourceTree = "<group>"; };
		85E9FA242A93C163000BD5B8 /* SceneDelegate.swift */ = {isa = PBXFileReference; lastKnownFileType = sourcecode.swift; path = SceneDelegate.swift; sourceTree = "<group>"; };
		85E9FA262A93C163000BD5B8 /* AuthorizationViewController.swift */ = {isa = PBXFileReference; lastKnownFileType = sourcecode.swift; path = AuthorizationViewController.swift; sourceTree = "<group>"; };
		85E9FA2B2A93C164000BD5B8 /* Assets.xcassets */ = {isa = PBXFileReference; lastKnownFileType = folder.assetcatalog; path = Assets.xcassets; sourceTree = "<group>"; };
		85E9FA2E2A93C164000BD5B8 /* Base */ = {isa = PBXFileReference; lastKnownFileType = file.storyboard; name = Base; path = Base.lproj/LaunchScreen.storyboard; sourceTree = "<group>"; };
		85E9FA302A93C164000BD5B8 /* Info.plist */ = {isa = PBXFileReference; lastKnownFileType = text.plist.xml; path = Info.plist; sourceTree = "<group>"; };
		85E9FA362A9500F3000BD5B8 /* ChooseShapeViewController.swift */ = {isa = PBXFileReference; lastKnownFileType = sourcecode.swift; path = ChooseShapeViewController.swift; sourceTree = "<group>"; };
		85E9FA382A9502FF000BD5B8 /* UIColor + AppColors.swift */ = {isa = PBXFileReference; lastKnownFileType = sourcecode.swift; path = "UIColor + AppColors.swift"; sourceTree = "<group>"; };
		85E9FA412A97B9EC000BD5B8 /* MartianMono_Condensed-Regular.ttf */ = {isa = PBXFileReference; lastKnownFileType = file; path = "MartianMono_Condensed-Regular.ttf"; sourceTree = "<group>"; };
/* End PBXFileReference section */

/* Begin PBXFrameworksBuildPhase section */
		85E9FA1C2A93C163000BD5B8 /* Frameworks */ = {
			isa = PBXFrameworksBuildPhase;
			buildActionMask = 2147483647;
			files = (
				853B4DD72B6A919000198532 /* KeychainAccess in Frameworks */,
				853B4E142B728CC800198532 /* SwiftyGif in Frameworks */,
				859287E12B9A1B6A0067F1D2 /* NVActivityIndicatorView in Frameworks */,
			);
			runOnlyForDeploymentPostprocessing = 0;
		};
/* End PBXFrameworksBuildPhase section */

/* Begin PBXGroup section */
		853B4E322B7C0F0800198532 /* Gifs */ = {
			isa = PBXGroup;
			children = (
				856B0C042BA471640027F04E /* zoom_fast.gif */,
				85B009732BB1EC9B00E3D6EB /* zoom7.gif */,
				856B0C062BA9E50D0027F04E /* touch.gif */,
				856B0C072BA9E50E0027F04E /* longPress.gif */,
			);
			path = Gifs;
			sourceTree = "<group>";
		};
		853B4E392B7E4E5F00198532 /* Services */ = {
			isa = PBXGroup;
			children = (
				853B4DCF2B20BF6A00198532 /* NetworkService.swift */,
				853B4E2D2B7BC44D00198532 /* MessageService.swift */,
			);
			path = Services;
			sourceTree = "<group>";
		};
		853B4E3A2B7E516D00198532 /* Models */ = {
			isa = PBXGroup;
			children = (
				853B4DCD2B20A2F000198532 /* UserData.swift */,
				853B4E192B775D9C00198532 /* AvatarImage.swift */,
				853B4E2F2B7BCB7600198532 /* Message.swift */,
				853B4DD82B6A9F1900198532 /* Gradient.swift */,
				853B4E1B2B7761B600198532 /* AvatarData.swift */,
				853B4DD32B6A8C7700198532 /* TokenData.swift */,
				853B4E372B7D1C2400198532 /* UserInfo.swift */,
				853B4DCB2A9CF73600198532 /* AvatarView.swift */,
				853B4E462B85967A00198532 /* MyErrors.swift */,
				853B4E482B8C013B00198532 /* PasswordData.swift */,
				859287D82B961C780067F1D2 /* NewUsername.swift */,
			);
			path = Models;
			sourceTree = "<group>";
		};
		853B4E452B823BFE00198532 /* View controllers */ = {
			isa = PBXGroup;
			children = (
				85E9FA262A93C163000BD5B8 /* AuthorizationViewController.swift */,
				85E9FA362A9500F3000BD5B8 /* ChooseShapeViewController.swift */,
				853B4DD12B20D55500198532 /* StartViewController.swift */,
				853B4DDA2B6BEE3B00198532 /* MenuViewController.swift */,
				853B4DDC2B6E962500198532 /* UserProfileViewController.swift */,
				853B4DDE2B6EB57D00198532 /* EditUserInfoViewController.swift */,
				853B4E062B719C1A00198532 /* CallViewController.swift */,
				853B4E292B79949000198532 /* EnterRoomViewController.swift */,
				853B4E4A2B8C942600198532 /* GesturesViewController.swift */,
			);
			path = "View controllers";
			sourceTree = "<group>";
		};
		859287DA2B96236C0067F1D2 /* Sounds */ = {
			isa = PBXGroup;
			children = (
				85B009792BB1F95C00E3D6EB /* long.mp3 */,
				85B0097B2BB1FE9500E3D6EB /* zoom.mp3 */,
				85B009772BB1F95800E3D6EB /* touch.mp3 */,
			);
			path = Sounds;
			sourceTree = "<group>";
		};
		85B0097D2BB21B2700E3D6EB /* Extensions */ = {
			isa = PBXGroup;
			children = (
				85B009712BAB3CB400E3D6EB /* UIViewController + dismissKeyboard.swift */,
				853B4DC72A97C0DA00198532 /* UIFont + AppFonts.swift */,
				85E9FA382A9502FF000BD5B8 /* UIColor + AppColors.swift */,
			);
			path = Extensions;
			sourceTree = "<group>";
		};
		85B0097E2BB45B8B00E3D6EB /* App */ = {
			isa = PBXGroup;
			children = (
				85E9FA242A93C163000BD5B8 /* SceneDelegate.swift */,
				85E9FA222A93C163000BD5B8 /* AppDelegate.swift */,
				853B4E082B726B0100198532 /* MainFactory.swift */,
			);
			path = App;
			sourceTree = "<group>";
		};
		85E9FA162A93C163000BD5B8 = {
			isa = PBXGroup;
			children = (
				85E9FA212A93C163000BD5B8 /* Membrane2.0 */,
				85E9FA202A93C163000BD5B8 /* Products */,
			);
			sourceTree = "<group>";
		};
		85E9FA202A93C163000BD5B8 /* Products */ = {
			isa = PBXGroup;
			children = (
				85E9FA1F2A93C163000BD5B8 /* Mime.app */,
			);
			name = Products;
			sourceTree = "<group>";
		};
		85E9FA212A93C163000BD5B8 /* Membrane2.0 */ = {
			isa = PBXGroup;
			children = (
				859287DA2B96236C0067F1D2 /* Sounds */,
				85B0097E2BB45B8B00E3D6EB /* App */,
				85E9FA402A97B854000BD5B8 /* Fonts */,
				853B4E392B7E4E5F00198532 /* Services */,
				853B4E3A2B7E516D00198532 /* Models */,
				853B4E452B823BFE00198532 /* View controllers */,
				85B0097D2BB21B2700E3D6EB /* Extensions */,
				85E9FA2B2A93C164000BD5B8 /* Assets.xcassets */,
				853B4E322B7C0F0800198532 /* Gifs */,
				85E9FA2D2A93C164000BD5B8 /* LaunchScreen.storyboard */,
				85E9FA302A93C164000BD5B8 /* Info.plist */,
			);
			path = Membrane2.0;
			sourceTree = "<group>";
		};
		85E9FA402A97B854000BD5B8 /* Fonts */ = {
			isa = PBXGroup;
			children = (
				85E9FA412A97B9EC000BD5B8 /* MartianMono_Condensed-Regular.ttf */,
			);
			path = Fonts;
			sourceTree = "<group>";
		};
/* End PBXGroup section */

/* Begin PBXNativeTarget section */
		85E9FA1E2A93C163000BD5B8 /* Membrane2.0 */ = {
			isa = PBXNativeTarget;
			buildConfigurationList = 85E9FA332A93C164000BD5B8 /* Build configuration list for PBXNativeTarget "Membrane2.0" */;
			buildPhases = (
				85E9FA1B2A93C163000BD5B8 /* Sources */,
				85E9FA1C2A93C163000BD5B8 /* Frameworks */,
				85E9FA1D2A93C163000BD5B8 /* Resources */,
			);
			buildRules = (
			);
			dependencies = (
			);
			name = Membrane2.0;
			packageProductDependencies = (
				853B4DD62B6A919000198532 /* KeychainAccess */,
				853B4E132B728CC800198532 /* SwiftyGif */,
				859287E02B9A1B6A0067F1D2 /* NVActivityIndicatorView */,
			);
			productName = Membrane2.0;
			productReference = 85E9FA1F2A93C163000BD5B8 /* Mime.app */;
			productType = "com.apple.product-type.application";
		};
/* End PBXNativeTarget section */

/* Begin PBXProject section */
		85E9FA172A93C163000BD5B8 /* Project object */ = {
			isa = PBXProject;
			attributes = {
				BuildIndependentTargetsInParallel = 1;
				LastSwiftUpdateCheck = 1430;
				LastUpgradeCheck = 1530;
				TargetAttributes = {
					85E9FA1E2A93C163000BD5B8 = {
						CreatedOnToolsVersion = 14.3;
					};
				};
			};
			buildConfigurationList = 85E9FA1A2A93C163000BD5B8 /* Build configuration list for PBXProject "Membrane2.0" */;
			compatibilityVersion = "Xcode 14.0";
			developmentRegion = en;
			hasScannedForEncodings = 0;
			knownRegions = (
				en,
				Base,
			);
			mainGroup = 85E9FA162A93C163000BD5B8;
			packageReferences = (
				853B4DD52B6A919000198532 /* XCRemoteSwiftPackageReference "KeychainAccess" */,
				853B4E122B728CC800198532 /* XCRemoteSwiftPackageReference "SwiftyGif" */,
				859287DF2B9A1B6A0067F1D2 /* XCRemoteSwiftPackageReference "NVActivityIndicatorView" */,
			);
			productRefGroup = 85E9FA202A93C163000BD5B8 /* Products */;
			projectDirPath = "";
			projectRoot = "";
			targets = (
				85E9FA1E2A93C163000BD5B8 /* Membrane2.0 */,
			);
		};
/* End PBXProject section */

/* Begin PBXResourcesBuildPhase section */
		85E9FA1D2A93C163000BD5B8 /* Resources */ = {
			isa = PBXResourcesBuildPhase;
			buildActionMask = 2147483647;
			files = (
				856B0C082BA9E50E0027F04E /* touch.gif in Resources */,
				85B009782BB1F95800E3D6EB /* touch.mp3 in Resources */,
				85E9FA2F2A93C164000BD5B8 /* LaunchScreen.storyboard in Resources */,
				85B009742BB1EC9B00E3D6EB /* zoom7.gif in Resources */,
				85B0097C2BB1FE9500E3D6EB /* zoom.mp3 in Resources */,
				856B0C052BA471640027F04E /* zoom_fast.gif in Resources */,
				85E9FA422A97B9EC000BD5B8 /* MartianMono_Condensed-Regular.ttf in Resources */,
				856B0C092BA9E50E0027F04E /* longPress.gif in Resources */,
				85B0097A2BB1F95C00E3D6EB /* long.mp3 in Resources */,
				85E9FA2C2A93C164000BD5B8 /* Assets.xcassets in Resources */,
			);
			runOnlyForDeploymentPostprocessing = 0;
		};
/* End PBXResourcesBuildPhase section */

/* Begin PBXSourcesBuildPhase section */
		85E9FA1B2A93C163000BD5B8 /* Sources */ = {
			isa = PBXSourcesBuildPhase;
			buildActionMask = 2147483647;
			files = (
				853B4E2A2B79949000198532 /* EnterRoomViewController.swift in Sources */,
				853B4DD22B20D55500198532 /* StartViewController.swift in Sources */,
				853B4E1A2B775D9C00198532 /* AvatarImage.swift in Sources */,
				853B4DC82A97C0DA00198532 /* UIFont + AppFonts.swift in Sources */,
				85E9FA272A93C163000BD5B8 /* AuthorizationViewController.swift in Sources */,
				853B4DCC2A9CF73600198532 /* AvatarView.swift in Sources */,
				85E9FA232A93C163000BD5B8 /* AppDelegate.swift in Sources */,
				853B4E302B7BCB7600198532 /* Message.swift in Sources */,
				853B4E072B719C1B00198532 /* CallViewController.swift in Sources */,
				853B4DDD2B6E962500198532 /* UserProfileViewController.swift in Sources */,
				853B4DD92B6A9F1900198532 /* Gradient.swift in Sources */,
				853B4DDF2B6EB57D00198532 /* EditUserInfoViewController.swift in Sources */,
				85E9FA252A93C163000BD5B8 /* SceneDelegate.swift in Sources */,
				853B4E1C2B7761B600198532 /* AvatarData.swift in Sources */,
				85E9FA372A9500F3000BD5B8 /* ChooseShapeViewController.swift in Sources */,
				853B4DCE2B20A2F000198532 /* UserData.swift in Sources */,
				853B4DDB2B6BEE3B00198532 /* MenuViewController.swift in Sources */,
				85E9FA392A9502FF000BD5B8 /* UIColor + AppColors.swift in Sources */,
				853B4E092B726B0100198532 /* MainFactory.swift in Sources */,
				853B4E2E2B7BC44D00198532 /* MessageService.swift in Sources */,
				853B4DD02B20BF6A00198532 /* NetworkService.swift in Sources */,
				85B009722BAB3CB500E3D6EB /* UIViewController + dismissKeyboard.swift in Sources */,
				853B4E472B85967A00198532 /* MyErrors.swift in Sources */,
				853B4E492B8C013C00198532 /* PasswordData.swift in Sources */,
				853B4DD42B6A8C7700198532 /* TokenData.swift in Sources */,
				853B4E4B2B8C942600198532 /* GesturesViewController.swift in Sources */,
				853B4E382B7D1C2400198532 /* UserInfo.swift in Sources */,
				859287D92B961C780067F1D2 /* NewUsername.swift in Sources */,
			);
			runOnlyForDeploymentPostprocessing = 0;
		};
/* End PBXSourcesBuildPhase section */

/* Begin PBXVariantGroup section */
		85E9FA2D2A93C164000BD5B8 /* LaunchScreen.storyboard */ = {
			isa = PBXVariantGroup;
			children = (
				85E9FA2E2A93C164000BD5B8 /* Base */,
			);
			name = LaunchScreen.storyboard;
			sourceTree = "<group>";
		};
/* End PBXVariantGroup section */

/* Begin XCBuildConfiguration section */
		85E9FA312A93C164000BD5B8 /* Debug */ = {
			isa = XCBuildConfiguration;
			buildSettings = {
				ALWAYS_SEARCH_USER_PATHS = NO;
				CLANG_ANALYZER_NONNULL = YES;
				CLANG_ANALYZER_NUMBER_OBJECT_CONVERSION = YES_AGGRESSIVE;
				CLANG_CXX_LANGUAGE_STANDARD = "gnu++20";
				CLANG_ENABLE_MODULES = YES;
				CLANG_ENABLE_OBJC_ARC = YES;
				CLANG_ENABLE_OBJC_WEAK = YES;
				CLANG_WARN_BLOCK_CAPTURE_AUTORELEASING = YES;
				CLANG_WARN_BOOL_CONVERSION = YES;
				CLANG_WARN_COMMA = YES;
				CLANG_WARN_CONSTANT_CONVERSION = YES;
				CLANG_WARN_DEPRECATED_OBJC_IMPLEMENTATIONS = YES;
				CLANG_WARN_DIRECT_OBJC_ISA_USAGE = YES_ERROR;
				CLANG_WARN_DOCUMENTATION_COMMENTS = YES;
				CLANG_WARN_EMPTY_BODY = YES;
				CLANG_WARN_ENUM_CONVERSION = YES;
				CLANG_WARN_INFINITE_RECURSION = YES;
				CLANG_WARN_INT_CONVERSION = YES;
				CLANG_WARN_NON_LITERAL_NULL_CONVERSION = YES;
				CLANG_WARN_OBJC_IMPLICIT_RETAIN_SELF = YES;
				CLANG_WARN_OBJC_LITERAL_CONVERSION = YES;
				CLANG_WARN_OBJC_ROOT_CLASS = YES_ERROR;
				CLANG_WARN_QUOTED_INCLUDE_IN_FRAMEWORK_HEADER = YES;
				CLANG_WARN_RANGE_LOOP_ANALYSIS = YES;
				CLANG_WARN_STRICT_PROTOTYPES = YES;
				CLANG_WARN_SUSPICIOUS_MOVE = YES;
				CLANG_WARN_UNGUARDED_AVAILABILITY = YES_AGGRESSIVE;
				CLANG_WARN_UNREACHABLE_CODE = YES;
				CLANG_WARN__DUPLICATE_METHOD_MATCH = YES;
				COPY_PHASE_STRIP = NO;
				DEBUG_INFORMATION_FORMAT = dwarf;
				ENABLE_STRICT_OBJC_MSGSEND = YES;
				ENABLE_TESTABILITY = YES;
				ENABLE_USER_SCRIPT_SANDBOXING = YES;
				GCC_C_LANGUAGE_STANDARD = gnu11;
				GCC_DYNAMIC_NO_PIC = NO;
				GCC_NO_COMMON_BLOCKS = YES;
				GCC_OPTIMIZATION_LEVEL = 0;
				GCC_PREPROCESSOR_DEFINITIONS = (
					"DEBUG=1",
					"$(inherited)",
				);
				GCC_WARN_64_TO_32_BIT_CONVERSION = YES;
				GCC_WARN_ABOUT_RETURN_TYPE = YES_ERROR;
				GCC_WARN_UNDECLARED_SELECTOR = YES;
				GCC_WARN_UNINITIALIZED_AUTOS = YES_AGGRESSIVE;
				GCC_WARN_UNUSED_FUNCTION = YES;
				GCC_WARN_UNUSED_VARIABLE = YES;
				IPHONEOS_DEPLOYMENT_TARGET = 16.4;
				MTL_ENABLE_DEBUG_INFO = INCLUDE_SOURCE;
				MTL_FAST_MATH = YES;
				ONLY_ACTIVE_ARCH = YES;
				SDKROOT = iphoneos;
				SWIFT_ACTIVE_COMPILATION_CONDITIONS = DEBUG;
				SWIFT_OPTIMIZATION_LEVEL = "-Onone";
			};
			name = Debug;
		};
		85E9FA322A93C164000BD5B8 /* Release */ = {
			isa = XCBuildConfiguration;
			buildSettings = {
				ALWAYS_SEARCH_USER_PATHS = NO;
				CLANG_ANALYZER_NONNULL = YES;
				CLANG_ANALYZER_NUMBER_OBJECT_CONVERSION = YES_AGGRESSIVE;
				CLANG_CXX_LANGUAGE_STANDARD = "gnu++20";
				CLANG_ENABLE_MODULES = YES;
				CLANG_ENABLE_OBJC_ARC = YES;
				CLANG_ENABLE_OBJC_WEAK = YES;
				CLANG_WARN_BLOCK_CAPTURE_AUTORELEASING = YES;
				CLANG_WARN_BOOL_CONVERSION = YES;
				CLANG_WARN_COMMA = YES;
				CLANG_WARN_CONSTANT_CONVERSION = YES;
				CLANG_WARN_DEPRECATED_OBJC_IMPLEMENTATIONS = YES;
				CLANG_WARN_DIRECT_OBJC_ISA_USAGE = YES_ERROR;
				CLANG_WARN_DOCUMENTATION_COMMENTS = YES;
				CLANG_WARN_EMPTY_BODY = YES;
				CLANG_WARN_ENUM_CONVERSION = YES;
				CLANG_WARN_INFINITE_RECURSION = YES;
				CLANG_WARN_INT_CONVERSION = YES;
				CLANG_WARN_NON_LITERAL_NULL_CONVERSION = YES;
				CLANG_WARN_OBJC_IMPLICIT_RETAIN_SELF = YES;
				CLANG_WARN_OBJC_LITERAL_CONVERSION = YES;
				CLANG_WARN_OBJC_ROOT_CLASS = YES_ERROR;
				CLANG_WARN_QUOTED_INCLUDE_IN_FRAMEWORK_HEADER = YES;
				CLANG_WARN_RANGE_LOOP_ANALYSIS = YES;
				CLANG_WARN_STRICT_PROTOTYPES = YES;
				CLANG_WARN_SUSPICIOUS_MOVE = YES;
				CLANG_WARN_UNGUARDED_AVAILABILITY = YES_AGGRESSIVE;
				CLANG_WARN_UNREACHABLE_CODE = YES;
				CLANG_WARN__DUPLICATE_METHOD_MATCH = YES;
				COPY_PHASE_STRIP = NO;
				DEBUG_INFORMATION_FORMAT = "dwarf-with-dsym";
				ENABLE_NS_ASSERTIONS = NO;
				ENABLE_STRICT_OBJC_MSGSEND = YES;
				ENABLE_USER_SCRIPT_SANDBOXING = YES;
				GCC_C_LANGUAGE_STANDARD = gnu11;
				GCC_NO_COMMON_BLOCKS = YES;
				GCC_WARN_64_TO_32_BIT_CONVERSION = YES;
				GCC_WARN_ABOUT_RETURN_TYPE = YES_ERROR;
				GCC_WARN_UNDECLARED_SELECTOR = YES;
				GCC_WARN_UNINITIALIZED_AUTOS = YES_AGGRESSIVE;
				GCC_WARN_UNUSED_FUNCTION = YES;
				GCC_WARN_UNUSED_VARIABLE = YES;
				IPHONEOS_DEPLOYMENT_TARGET = 16.4;
				MTL_ENABLE_DEBUG_INFO = NO;
				MTL_FAST_MATH = YES;
				SDKROOT = iphoneos;
				SWIFT_COMPILATION_MODE = wholemodule;
				SWIFT_OPTIMIZATION_LEVEL = "-O";
				VALIDATE_PRODUCT = YES;
			};
			name = Release;
		};
		85E9FA342A93C164000BD5B8 /* Debug */ = {
			isa = XCBuildConfiguration;
			buildSettings = {
				ASSETCATALOG_COMPILER_APPICON_NAME = AppIcon;
				ASSETCATALOG_COMPILER_GLOBAL_ACCENT_COLOR_NAME = AccentColor;
				CODE_SIGN_STYLE = Automatic;
				CURRENT_PROJECT_VERSION = 4;
				DEVELOPMENT_TEAM = FUD5CPHJR9;
				GENERATE_INFOPLIST_FILE = YES;
				INFOPLIST_FILE = Membrane2.0/Info.plist;
				INFOPLIST_KEY_NSBluetoothAlwaysUsageDescription = "Приложение использует Bluetooth для обмена сообщениями";
				INFOPLIST_KEY_UIApplicationSupportsIndirectInputEvents = YES;
				INFOPLIST_KEY_UILaunchStoryboardName = LaunchScreen;
				INFOPLIST_KEY_UISupportedInterfaceOrientations_iPad = "UIInterfaceOrientationPortrait UIInterfaceOrientationPortraitUpsideDown UIInterfaceOrientationLandscapeLeft UIInterfaceOrientationLandscapeRight";
				INFOPLIST_KEY_UISupportedInterfaceOrientations_iPhone = "UIInterfaceOrientationPortrait UIInterfaceOrientationLandscapeLeft UIInterfaceOrientationLandscapeRight";
				LD_RUNPATH_SEARCH_PATHS = (
					"$(inherited)",
					"@executable_path/Frameworks",
				);
				MARKETING_VERSION = 1.0;
				PRODUCT_BUNDLE_IDENTIFIER = ru.hse.Mime;
				PRODUCT_NAME = Mime;
				SWIFT_EMIT_LOC_STRINGS = YES;
				SWIFT_VERSION = 5.0;
				TARGETED_DEVICE_FAMILY = "1,2";
			};
			name = Debug;
		};
		85E9FA352A93C164000BD5B8 /* Release */ = {
			isa = XCBuildConfiguration;
			buildSettings = {
				ASSETCATALOG_COMPILER_APPICON_NAME = AppIcon;
				ASSETCATALOG_COMPILER_GLOBAL_ACCENT_COLOR_NAME = AccentColor;
				CODE_SIGN_STYLE = Automatic;
				CURRENT_PROJECT_VERSION = 4;
				DEVELOPMENT_TEAM = FUD5CPHJR9;
				GENERATE_INFOPLIST_FILE = YES;
				INFOPLIST_FILE = Membrane2.0/Info.plist;
				INFOPLIST_KEY_NSBluetoothAlwaysUsageDescription = "Приложение использует Bluetooth для обмена сообщениями";
				INFOPLIST_KEY_UIApplicationSupportsIndirectInputEvents = YES;
				INFOPLIST_KEY_UILaunchStoryboardName = LaunchScreen;
				INFOPLIST_KEY_UISupportedInterfaceOrientations_iPad = "UIInterfaceOrientationPortrait UIInterfaceOrientationPortraitUpsideDown UIInterfaceOrientationLandscapeLeft UIInterfaceOrientationLandscapeRight";
				INFOPLIST_KEY_UISupportedInterfaceOrientations_iPhone = "UIInterfaceOrientationPortrait UIInterfaceOrientationLandscapeLeft UIInterfaceOrientationLandscapeRight";
				LD_RUNPATH_SEARCH_PATHS = (
					"$(inherited)",
					"@executable_path/Frameworks",
				);
				MARKETING_VERSION = 1.0;
				PRODUCT_BUNDLE_IDENTIFIER = ru.hse.Mime;
				PRODUCT_NAME = Mime;
				SWIFT_EMIT_LOC_STRINGS = YES;
				SWIFT_VERSION = 5.0;
				TARGETED_DEVICE_FAMILY = "1,2";
			};
			name = Release;
		};
/* End XCBuildConfiguration section */

/* Begin XCConfigurationList section */
		85E9FA1A2A93C163000BD5B8 /* Build configuration list for PBXProject "Membrane2.0" */ = {
			isa = XCConfigurationList;
			buildConfigurations = (
				85E9FA312A93C164000BD5B8 /* Debug */,
				85E9FA322A93C164000BD5B8 /* Release */,
			);
			defaultConfigurationIsVisible = 0;
			defaultConfigurationName = Release;
		};
		85E9FA332A93C164000BD5B8 /* Build configuration list for PBXNativeTarget "Membrane2.0" */ = {
			isa = XCConfigurationList;
			buildConfigurations = (
				85E9FA342A93C164000BD5B8 /* Debug */,
				85E9FA352A93C164000BD5B8 /* Release */,
			);
			defaultConfigurationIsVisible = 0;
			defaultConfigurationName = Release;
		};
/* End XCConfigurationList section */

/* Begin XCRemoteSwiftPackageReference section */
		853B4DD52B6A919000198532 /* XCRemoteSwiftPackageReference "KeychainAccess" */ = {
			isa = XCRemoteSwiftPackageReference;
			repositoryURL = "https://github.com/kishikawakatsumi/KeychainAccess";
			requirement = {
				branch = master;
				kind = branch;
			};
		};
		853B4E122B728CC800198532 /* XCRemoteSwiftPackageReference "SwiftyGif" */ = {
			isa = XCRemoteSwiftPackageReference;
			repositoryURL = "https://github.com/kirualex/SwiftyGif";
			requirement = {
				kind = upToNextMajorVersion;
				minimumVersion = 5.0.0;
			};
		};
		859287DF2B9A1B6A0067F1D2 /* XCRemoteSwiftPackageReference "NVActivityIndicatorView" */ = {
			isa = XCRemoteSwiftPackageReference;
			repositoryURL = "https://github.com/ninjaprox/NVActivityIndicatorView";
			requirement = {
				kind = upToNextMajorVersion;
				minimumVersion = 5.0.0;
			};
		};
/* End XCRemoteSwiftPackageReference section */

/* Begin XCSwiftPackageProductDependency section */
		853B4DD62B6A919000198532 /* KeychainAccess */ = {
			isa = XCSwiftPackageProductDependency;
			package = 853B4DD52B6A919000198532 /* XCRemoteSwiftPackageReference "KeychainAccess" */;
			productName = KeychainAccess;
		};
		853B4E132B728CC800198532 /* SwiftyGif */ = {
			isa = XCSwiftPackageProductDependency;
			package = 853B4E122B728CC800198532 /* XCRemoteSwiftPackageReference "SwiftyGif" */;
			productName = SwiftyGif;
		};
		859287E02B9A1B6A0067F1D2 /* NVActivityIndicatorView */ = {
			isa = XCSwiftPackageProductDependency;
			package = 859287DF2B9A1B6A0067F1D2 /* XCRemoteSwiftPackageReference "NVActivityIndicatorView" */;
			productName = NVActivityIndicatorView;
		};
/* End XCSwiftPackageProductDependency section */
	};
	rootObject = 85E9FA172A93C163000BD5B8 /* Project object */;
}
