// !$*UTF8*$!
{
	archiveVersion = 1;
	classes = {
	};
	objectVersion = 56;
	objects = {

/* Begin PBXBuildFile section */
		853B4DC82A97C0DA00198532 /* UIFont + AppFonts.swift in Sources */ = {isa = PBXBuildFile; fileRef = 853B4DC72A97C0DA00198532 /* UIFont + AppFonts.swift */; };
		853B4DCA2A97C91F00198532 /* DeviceCollectionViewCell.swift in Sources */ = {isa = PBXBuildFile; fileRef = 853B4DC92A97C91F00198532 /* DeviceCollectionViewCell.swift */; };
		853B4DCC2A9CF73600198532 /* AvatarView.swift in Sources */ = {isa = PBXBuildFile; fileRef = 853B4DCB2A9CF73600198532 /* AvatarView.swift */; };
		85E9FA232A93C163000BD5B8 /* AppDelegate.swift in Sources */ = {isa = PBXBuildFile; fileRef = 85E9FA222A93C163000BD5B8 /* AppDelegate.swift */; };
		85E9FA252A93C163000BD5B8 /* SceneDelegate.swift in Sources */ = {isa = PBXBuildFile; fileRef = 85E9FA242A93C163000BD5B8 /* SceneDelegate.swift */; };
		85E9FA272A93C163000BD5B8 /* ViewController.swift in Sources */ = {isa = PBXBuildFile; fileRef = 85E9FA262A93C163000BD5B8 /* ViewController.swift */; };
		85E9FA2A2A93C163000BD5B8 /* Main.storyboard in Resources */ = {isa = PBXBuildFile; fileRef = 85E9FA282A93C163000BD5B8 /* Main.storyboard */; };
		85E9FA2C2A93C164000BD5B8 /* Assets.xcassets in Resources */ = {isa = PBXBuildFile; fileRef = 85E9FA2B2A93C164000BD5B8 /* Assets.xcassets */; };
		85E9FA2F2A93C164000BD5B8 /* LaunchScreen.storyboard in Resources */ = {isa = PBXBuildFile; fileRef = 85E9FA2D2A93C164000BD5B8 /* LaunchScreen.storyboard */; };
		85E9FA372A9500F3000BD5B8 /* MainViewController.swift in Sources */ = {isa = PBXBuildFile; fileRef = 85E9FA362A9500F3000BD5B8 /* MainViewController.swift */; };
		85E9FA392A9502FF000BD5B8 /* UIColor + AppColors.swift in Sources */ = {isa = PBXBuildFile; fileRef = 85E9FA382A9502FF000BD5B8 /* UIColor + AppColors.swift */; };
		85E9FA3B2A9505EA000BD5B8 /* SearchViewController.swift in Sources */ = {isa = PBXBuildFile; fileRef = 85E9FA3A2A9505EA000BD5B8 /* SearchViewController.swift */; };
		85E9FA3D2A95101A000BD5B8 /* TouchMessage.swift in Sources */ = {isa = PBXBuildFile; fileRef = 85E9FA3C2A95101A000BD5B8 /* TouchMessage.swift */; };
		85E9FA3F2A951548000BD5B8 /* Device.swift in Sources */ = {isa = PBXBuildFile; fileRef = 85E9FA3E2A951548000BD5B8 /* Device.swift */; };
		85E9FA422A97B9EC000BD5B8 /* MartianMono_Condensed-Regular.ttf in Resources */ = {isa = PBXBuildFile; fileRef = 85E9FA412A97B9EC000BD5B8 /* MartianMono_Condensed-Regular.ttf */; };
/* End PBXBuildFile section */

/* Begin PBXFileReference section */
		853B4DC72A97C0DA00198532 /* UIFont + AppFonts.swift */ = {isa = PBXFileReference; lastKnownFileType = sourcecode.swift; path = "UIFont + AppFonts.swift"; sourceTree = "<group>"; };
		853B4DC92A97C91F00198532 /* DeviceCollectionViewCell.swift */ = {isa = PBXFileReference; lastKnownFileType = sourcecode.swift; path = DeviceCollectionViewCell.swift; sourceTree = "<group>"; };
		853B4DCB2A9CF73600198532 /* AvatarView.swift */ = {isa = PBXFileReference; lastKnownFileType = sourcecode.swift; path = AvatarView.swift; sourceTree = "<group>"; };
		85E9FA1F2A93C163000BD5B8 /* Membrane2.0.app */ = {isa = PBXFileReference; explicitFileType = wrapper.application; includeInIndex = 0; path = Membrane2.0.app; sourceTree = BUILT_PRODUCTS_DIR; };
		85E9FA222A93C163000BD5B8 /* AppDelegate.swift */ = {isa = PBXFileReference; lastKnownFileType = sourcecode.swift; path = AppDelegate.swift; sourceTree = "<group>"; };
		85E9FA242A93C163000BD5B8 /* SceneDelegate.swift */ = {isa = PBXFileReference; lastKnownFileType = sourcecode.swift; path = SceneDelegate.swift; sourceTree = "<group>"; };
		85E9FA262A93C163000BD5B8 /* ViewController.swift */ = {isa = PBXFileReference; lastKnownFileType = sourcecode.swift; path = ViewController.swift; sourceTree = "<group>"; };
		85E9FA292A93C163000BD5B8 /* Base */ = {isa = PBXFileReference; lastKnownFileType = file.storyboard; name = Base; path = Base.lproj/Main.storyboard; sourceTree = "<group>"; };
		85E9FA2B2A93C164000BD5B8 /* Assets.xcassets */ = {isa = PBXFileReference; lastKnownFileType = folder.assetcatalog; path = Assets.xcassets; sourceTree = "<group>"; };
		85E9FA2E2A93C164000BD5B8 /* Base */ = {isa = PBXFileReference; lastKnownFileType = file.storyboard; name = Base; path = Base.lproj/LaunchScreen.storyboard; sourceTree = "<group>"; };
		85E9FA302A93C164000BD5B8 /* Info.plist */ = {isa = PBXFileReference; lastKnownFileType = text.plist.xml; path = Info.plist; sourceTree = "<group>"; };
		85E9FA362A9500F3000BD5B8 /* MainViewController.swift */ = {isa = PBXFileReference; lastKnownFileType = sourcecode.swift; path = MainViewController.swift; sourceTree = "<group>"; };
		85E9FA382A9502FF000BD5B8 /* UIColor + AppColors.swift */ = {isa = PBXFileReference; lastKnownFileType = sourcecode.swift; path = "UIColor + AppColors.swift"; sourceTree = "<group>"; };
		85E9FA3A2A9505EA000BD5B8 /* SearchViewController.swift */ = {isa = PBXFileReference; lastKnownFileType = sourcecode.swift; path = SearchViewController.swift; sourceTree = "<group>"; };
		85E9FA3C2A95101A000BD5B8 /* TouchMessage.swift */ = {isa = PBXFileReference; lastKnownFileType = sourcecode.swift; path = TouchMessage.swift; sourceTree = "<group>"; };
		85E9FA3E2A951548000BD5B8 /* Device.swift */ = {isa = PBXFileReference; lastKnownFileType = sourcecode.swift; path = Device.swift; sourceTree = "<group>"; };
		85E9FA412A97B9EC000BD5B8 /* MartianMono_Condensed-Regular.ttf */ = {isa = PBXFileReference; lastKnownFileType = file; path = "MartianMono_Condensed-Regular.ttf"; sourceTree = "<group>"; };
/* End PBXFileReference section */

/* Begin PBXFrameworksBuildPhase section */
		85E9FA1C2A93C163000BD5B8 /* Frameworks */ = {
			isa = PBXFrameworksBuildPhase;
			buildActionMask = 2147483647;
			files = (
			);
			runOnlyForDeploymentPostprocessing = 0;
		};
/* End PBXFrameworksBuildPhase section */

/* Begin PBXGroup section */
		85E9FA162A93C163000BD5B8 = {
			isa = PBXGroup;
			children = (
				85E9FA212A93C163000BD5B8 /* Membrane2.0 */,
				85E9FA202A93C163000BD5B8 /* Products */,
			);
			sourceTree = "<group>";
		};
		85E9FA202A93C163000BD5B8 /* Products */ = {
			isa = PBXGroup;
			children = (
				85E9FA1F2A93C163000BD5B8 /* Membrane2.0.app */,
			);
			name = Products;
			sourceTree = "<group>";
		};
		85E9FA212A93C163000BD5B8 /* Membrane2.0 */ = {
			isa = PBXGroup;
			children = (
				85E9FA402A97B854000BD5B8 /* Fonts */,
				85E9FA222A93C163000BD5B8 /* AppDelegate.swift */,
				85E9FA242A93C163000BD5B8 /* SceneDelegate.swift */,
				85E9FA262A93C163000BD5B8 /* ViewController.swift */,
				853B4DC72A97C0DA00198532 /* UIFont + AppFonts.swift */,
				85E9FA382A9502FF000BD5B8 /* UIColor + AppColors.swift */,
				85E9FA282A93C163000BD5B8 /* Main.storyboard */,
				85E9FA2B2A93C164000BD5B8 /* Assets.xcassets */,
				85E9FA2D2A93C164000BD5B8 /* LaunchScreen.storyboard */,
				85E9FA302A93C164000BD5B8 /* Info.plist */,
				85E9FA362A9500F3000BD5B8 /* MainViewController.swift */,
				85E9FA3A2A9505EA000BD5B8 /* SearchViewController.swift */,
				853B4DC92A97C91F00198532 /* DeviceCollectionViewCell.swift */,
				85E9FA3C2A95101A000BD5B8 /* TouchMessage.swift */,
				85E9FA3E2A951548000BD5B8 /* Device.swift */,
				853B4DCB2A9CF73600198532 /* AvatarView.swift */,
			);
			path = Membrane2.0;
			sourceTree = "<group>";
		};
		85E9FA402A97B854000BD5B8 /* Fonts */ = {
			isa = PBXGroup;
			children = (
				85E9FA412A97B9EC000BD5B8 /* MartianMono_Condensed-Regular.ttf */,
			);
			path = Fonts;
			sourceTree = "<group>";
		};
/* End PBXGroup section */

/* Begin PBXNativeTarget section */
		85E9FA1E2A93C163000BD5B8 /* Membrane2.0 */ = {
			isa = PBXNativeTarget;
			buildConfigurationList = 85E9FA332A93C164000BD5B8 /* Build configuration list for PBXNativeTarget "Membrane2.0" */;
			buildPhases = (
				85E9FA1B2A93C163000BD5B8 /* Sources */,
				85E9FA1C2A93C163000BD5B8 /* Frameworks */,
				85E9FA1D2A93C163000BD5B8 /* Resources */,
			);
			buildRules = (
			);
			dependencies = (
			);
			name = Membrane2.0;
			productName = Membrane2.0;
			productReference = 85E9FA1F2A93C163000BD5B8 /* Membrane2.0.app */;
			productType = "com.apple.product-type.application";
		};
/* End PBXNativeTarget section */

/* Begin PBXProject section */
		85E9FA172A93C163000BD5B8 /* Project object */ = {
			isa = PBXProject;
			attributes = {
				BuildIndependentTargetsInParallel = 1;
				LastSwiftUpdateCheck = 1430;
				LastUpgradeCheck = 1430;
				TargetAttributes = {
					85E9FA1E2A93C163000BD5B8 = {
						CreatedOnToolsVersion = 14.3;
					};
				};
			};
			buildConfigurationList = 85E9FA1A2A93C163000BD5B8 /* Build configuration list for PBXProject "Membrane2.0" */;
			compatibilityVersion = "Xcode 14.0";
			developmentRegion = en;
			hasScannedForEncodings = 0;
			knownRegions = (
				en,
				Base,
			);
			mainGroup = 85E9FA162A93C163000BD5B8;
			productRefGroup = 85E9FA202A93C163000BD5B8 /* Products */;
			projectDirPath = "";
			projectRoot = "";
			targets = (
				85E9FA1E2A93C163000BD5B8 /* Membrane2.0 */,
			);
		};
/* End PBXProject section */

/* Begin PBXResourcesBuildPhase section */
		85E9FA1D2A93C163000BD5B8 /* Resources */ = {
			isa = PBXResourcesBuildPhase;
			buildActionMask = 2147483647;
			files = (
				85E9FA2F2A93C164000BD5B8 /* LaunchScreen.storyboard in Resources */,
				85E9FA422A97B9EC000BD5B8 /* MartianMono_Condensed-Regular.ttf in Resources */,
				85E9FA2C2A93C164000BD5B8 /* Assets.xcassets in Resources */,
				85E9FA2A2A93C163000BD5B8 /* Main.storyboard in Resources */,
			);
			runOnlyForDeploymentPostprocessing = 0;
		};
/* End PBXResourcesBuildPhase section */

/* Begin PBXSourcesBuildPhase section */
		85E9FA1B2A93C163000BD5B8 /* Sources */ = {
			isa = PBXSourcesBuildPhase;
			buildActionMask = 2147483647;
			files = (
				85E9FA3B2A9505EA000BD5B8 /* SearchViewController.swift in Sources */,
				853B4DC82A97C0DA00198532 /* UIFont + AppFonts.swift in Sources */,
				85E9FA3D2A95101A000BD5B8 /* TouchMessage.swift in Sources */,
				85E9FA272A93C163000BD5B8 /* ViewController.swift in Sources */,
				853B4DCC2A9CF73600198532 /* AvatarView.swift in Sources */,
				85E9FA232A93C163000BD5B8 /* AppDelegate.swift in Sources */,
				85E9FA252A93C163000BD5B8 /* SceneDelegate.swift in Sources */,
				85E9FA372A9500F3000BD5B8 /* MainViewController.swift in Sources */,
				85E9FA392A9502FF000BD5B8 /* UIColor + AppColors.swift in Sources */,
				853B4DCA2A97C91F00198532 /* DeviceCollectionViewCell.swift in Sources */,
				85E9FA3F2A951548000BD5B8 /* Device.swift in Sources */,
			);
			runOnlyForDeploymentPostprocessing = 0;
		};
/* End PBXSourcesBuildPhase section */

/* Begin PBXVariantGroup section */
		85E9FA282A93C163000BD5B8 /* Main.storyboard */ = {
			isa = PBXVariantGroup;
			children = (
				85E9FA292A93C163000BD5B8 /* Base */,
			);
			name = Main.storyboard;
			sourceTree = "<group>";
		};
		85E9FA2D2A93C164000BD5B8 /* LaunchScreen.storyboard */ = {
			isa = PBXVariantGroup;
			children = (
				85E9FA2E2A93C164000BD5B8 /* Base */,
			);
			name = LaunchScreen.storyboard;
			sourceTree = "<group>";
		};
/* End PBXVariantGroup section */

/* Begin XCBuildConfiguration section */
		85E9FA312A93C164000BD5B8 /* Debug */ = {
			isa = XCBuildConfiguration;
			buildSettings = {
				ALWAYS_SEARCH_USER_PATHS = NO;
				CLANG_ANALYZER_NONNULL = YES;
				CLANG_ANALYZER_NUMBER_OBJECT_CONVERSION = YES_AGGRESSIVE;
				CLANG_CXX_LANGUAGE_STANDARD = "gnu++20";
				CLANG_ENABLE_MODULES = YES;
				CLANG_ENABLE_OBJC_ARC = YES;
				CLANG_ENABLE_OBJC_WEAK = YES;
				CLANG_WARN_BLOCK_CAPTURE_AUTORELEASING = YES;
				CLANG_WARN_BOOL_CONVERSION = YES;
				CLANG_WARN_COMMA = YES;
				CLANG_WARN_CONSTANT_CONVERSION = YES;
				CLANG_WARN_DEPRECATED_OBJC_IMPLEMENTATIONS = YES;
				CLANG_WARN_DIRECT_OBJC_ISA_USAGE = YES_ERROR;
				CLANG_WARN_DOCUMENTATION_COMMENTS = YES;
				CLANG_WARN_EMPTY_BODY = YES;
				CLANG_WARN_ENUM_CONVERSION = YES;
				CLANG_WARN_INFINITE_RECURSION = YES;
				CLANG_WARN_INT_CONVERSION = YES;
				CLANG_WARN_NON_LITERAL_NULL_CONVERSION = YES;
				CLANG_WARN_OBJC_IMPLICIT_RETAIN_SELF = YES;
				CLANG_WARN_OBJC_LITERAL_CONVERSION = YES;
				CLANG_WARN_OBJC_ROOT_CLASS = YES_ERROR;
				CLANG_WARN_QUOTED_INCLUDE_IN_FRAMEWORK_HEADER = YES;
				CLANG_WARN_RANGE_LOOP_ANALYSIS = YES;
				CLANG_WARN_STRICT_PROTOTYPES = YES;
				CLANG_WARN_SUSPICIOUS_MOVE = YES;
				CLANG_WARN_UNGUARDED_AVAILABILITY = YES_AGGRESSIVE;
				CLANG_WARN_UNREACHABLE_CODE = YES;
				CLANG_WARN__DUPLICATE_METHOD_MATCH = YES;
				COPY_PHASE_STRIP = NO;
				DEBUG_INFORMATION_FORMAT = dwarf;
				ENABLE_STRICT_OBJC_MSGSEND = YES;
				ENABLE_TESTABILITY = YES;
				GCC_C_LANGUAGE_STANDARD = gnu11;
				GCC_DYNAMIC_NO_PIC = NO;
				GCC_NO_COMMON_BLOCKS = YES;
				GCC_OPTIMIZATION_LEVEL = 0;
				GCC_PREPROCESSOR_DEFINITIONS = (
					"DEBUG=1",
					"$(inherited)",
				);
				GCC_WARN_64_TO_32_BIT_CONVERSION = YES;
				GCC_WARN_ABOUT_RETURN_TYPE = YES_ERROR;
				GCC_WARN_UNDECLARED_SELECTOR = YES;
				GCC_WARN_UNINITIALIZED_AUTOS = YES_AGGRESSIVE;
				GCC_WARN_UNUSED_FUNCTION = YES;
				GCC_WARN_UNUSED_VARIABLE = YES;
				IPHONEOS_DEPLOYMENT_TARGET = 16.4;
				MTL_ENABLE_DEBUG_INFO = INCLUDE_SOURCE;
				MTL_FAST_MATH = YES;
				ONLY_ACTIVE_ARCH = YES;
				SDKROOT = iphoneos;
				SWIFT_ACTIVE_COMPILATION_CONDITIONS = DEBUG;
				SWIFT_OPTIMIZATION_LEVEL = "-Onone";
			};
			name = Debug;
		};
		85E9FA322A93C164000BD5B8 /* Release */ = {
			isa = XCBuildConfiguration;
			buildSettings = {
				ALWAYS_SEARCH_USER_PATHS = NO;
				CLANG_ANALYZER_NONNULL = YES;
				CLANG_ANALYZER_NUMBER_OBJECT_CONVERSION = YES_AGGRESSIVE;
				CLANG_CXX_LANGUAGE_STANDARD = "gnu++20";
				CLANG_ENABLE_MODULES = YES;
				CLANG_ENABLE_OBJC_ARC = YES;
				CLANG_ENABLE_OBJC_WEAK = YES;
				CLANG_WARN_BLOCK_CAPTURE_AUTORELEASING = YES;
				CLANG_WARN_BOOL_CONVERSION = YES;
				CLANG_WARN_COMMA = YES;
				CLANG_WARN_CONSTANT_CONVERSION = YES;
				CLANG_WARN_DEPRECATED_OBJC_IMPLEMENTATIONS = YES;
				CLANG_WARN_DIRECT_OBJC_ISA_USAGE = YES_ERROR;
				CLANG_WARN_DOCUMENTATION_COMMENTS = YES;
				CLANG_WARN_EMPTY_BODY = YES;
				CLANG_WARN_ENUM_CONVERSION = YES;
				CLANG_WARN_INFINITE_RECURSION = YES;
				CLANG_WARN_INT_CONVERSION = YES;
				CLANG_WARN_NON_LITERAL_NULL_CONVERSION = YES;
				CLANG_WARN_OBJC_IMPLICIT_RETAIN_SELF = YES;
				CLANG_WARN_OBJC_LITERAL_CONVERSION = YES;
				CLANG_WARN_OBJC_ROOT_CLASS = YES_ERROR;
				CLANG_WARN_QUOTED_INCLUDE_IN_FRAMEWORK_HEADER = YES;
				CLANG_WARN_RANGE_LOOP_ANALYSIS = YES;
				CLANG_WARN_STRICT_PROTOTYPES = YES;
				CLANG_WARN_SUSPICIOUS_MOVE = YES;
				CLANG_WARN_UNGUARDED_AVAILABILITY = YES_AGGRESSIVE;
				CLANG_WARN_UNREACHABLE_CODE = YES;
				CLANG_WARN__DUPLICATE_METHOD_MATCH = YES;
				COPY_PHASE_STRIP = NO;
				DEBUG_INFORMATION_FORMAT = "dwarf-with-dsym";
				ENABLE_NS_ASSERTIONS = NO;
				ENABLE_STRICT_OBJC_MSGSEND = YES;
				GCC_C_LANGUAGE_STANDARD = gnu11;
				GCC_NO_COMMON_BLOCKS = YES;
				GCC_WARN_64_TO_32_BIT_CONVERSION = YES;
				GCC_WARN_ABOUT_RETURN_TYPE = YES_ERROR;
				GCC_WARN_UNDECLARED_SELECTOR = YES;
				GCC_WARN_UNINITIALIZED_AUTOS = YES_AGGRESSIVE;
				GCC_WARN_UNUSED_FUNCTION = YES;
				GCC_WARN_UNUSED_VARIABLE = YES;
				IPHONEOS_DEPLOYMENT_TARGET = 16.4;
				MTL_ENABLE_DEBUG_INFO = NO;
				MTL_FAST_MATH = YES;
				SDKROOT = iphoneos;
				SWIFT_COMPILATION_MODE = wholemodule;
				SWIFT_OPTIMIZATION_LEVEL = "-O";
				VALIDATE_PRODUCT = YES;
			};
			name = Release;
		};
		85E9FA342A93C164000BD5B8 /* Debug */ = {
			isa = XCBuildConfiguration;
			buildSettings = {
				ASSETCATALOG_COMPILER_APPICON_NAME = AppIcon;
				ASSETCATALOG_COMPILER_GLOBAL_ACCENT_COLOR_NAME = AccentColor;
				CODE_SIGN_STYLE = Automatic;
				CURRENT_PROJECT_VERSION = 1;
				DEVELOPMENT_TEAM = 22SF4Z93AM;
				GENERATE_INFOPLIST_FILE = YES;
				INFOPLIST_FILE = Membrane2.0/Info.plist;
				INFOPLIST_KEY_UIApplicationSupportsIndirectInputEvents = YES;
				INFOPLIST_KEY_UILaunchStoryboardName = LaunchScreen;
				INFOPLIST_KEY_UIMainStoryboardFile = Main;
				INFOPLIST_KEY_UISupportedInterfaceOrientations_iPad = "UIInterfaceOrientationPortrait UIInterfaceOrientationPortraitUpsideDown UIInterfaceOrientationLandscapeLeft UIInterfaceOrientationLandscapeRight";
				INFOPLIST_KEY_UISupportedInterfaceOrientations_iPhone = "UIInterfaceOrientationPortrait UIInterfaceOrientationLandscapeLeft UIInterfaceOrientationLandscapeRight";
				LD_RUNPATH_SEARCH_PATHS = (
					"$(inherited)",
					"@executable_path/Frameworks",
				);
				MARKETING_VERSION = 1.0;
				PRODUCT_BUNDLE_IDENTIFIER = "ru.hse.Membrane2-0";
				PRODUCT_NAME = "$(TARGET_NAME)";
				SWIFT_EMIT_LOC_STRINGS = YES;
				SWIFT_VERSION = 5.0;
				TARGETED_DEVICE_FAMILY = "1,2";
			};
			name = Debug;
		};
		85E9FA352A93C164000BD5B8 /* Release */ = {
			isa = XCBuildConfiguration;
			buildSettings = {
				ASSETCATALOG_COMPILER_APPICON_NAME = AppIcon;
				ASSETCATALOG_COMPILER_GLOBAL_ACCENT_COLOR_NAME = AccentColor;
				CODE_SIGN_STYLE = Automatic;
				CURRENT_PROJECT_VERSION = 1;
				DEVELOPMENT_TEAM = 22SF4Z93AM;
				GENERATE_INFOPLIST_FILE = YES;
				INFOPLIST_FILE = Membrane2.0/Info.plist;
				INFOPLIST_KEY_UIApplicationSupportsIndirectInputEvents = YES;
				INFOPLIST_KEY_UILaunchStoryboardName = LaunchScreen;
				INFOPLIST_KEY_UIMainStoryboardFile = Main;
				INFOPLIST_KEY_UISupportedInterfaceOrientations_iPad = "UIInterfaceOrientationPortrait UIInterfaceOrientationPortraitUpsideDown UIInterfaceOrientationLandscapeLeft UIInterfaceOrientationLandscapeRight";
				INFOPLIST_KEY_UISupportedInterfaceOrientations_iPhone = "UIInterfaceOrientationPortrait UIInterfaceOrientationLandscapeLeft UIInterfaceOrientationLandscapeRight";
				LD_RUNPATH_SEARCH_PATHS = (
					"$(inherited)",
					"@executable_path/Frameworks",
				);
				MARKETING_VERSION = 1.0;
				PRODUCT_BUNDLE_IDENTIFIER = "ru.hse.Membrane2-0";
				PRODUCT_NAME = "$(TARGET_NAME)";
				SWIFT_EMIT_LOC_STRINGS = YES;
				SWIFT_VERSION = 5.0;
				TARGETED_DEVICE_FAMILY = "1,2";
			};
			name = Release;
		};
/* End XCBuildConfiguration section */

/* Begin XCConfigurationList section */
		85E9FA1A2A93C163000BD5B8 /* Build configuration list for PBXProject "Membrane2.0" */ = {
			isa = XCConfigurationList;
			buildConfigurations = (
				85E9FA312A93C164000BD5B8 /* Debug */,
				85E9FA322A93C164000BD5B8 /* Release */,
			);
			defaultConfigurationIsVisible = 0;
			defaultConfigurationName = Release;
		};
		85E9FA332A93C164000BD5B8 /* Build configuration list for PBXNativeTarget "Membrane2.0" */ = {
			isa = XCConfigurationList;
			buildConfigurations = (
				85E9FA342A93C164000BD5B8 /* Debug */,
				85E9FA352A93C164000BD5B8 /* Release */,
			);
			defaultConfigurationIsVisible = 0;
			defaultConfigurationName = Release;
		};
/* End XCConfigurationList section */
	};
	rootObject = 85E9FA172A93C163000BD5B8 /* Project object */;
}
